// !$*UTF8*$!
{
	archiveVersion = 1;
	classes = {
	};
	objectVersion = 50;
	objects = {

/* Begin PBXBuildFile section */
		F368C4D422AF5AEA00DF3B05 /* AppDelegate.swift in Sources */ = {isa = PBXBuildFile; fileRef = F368C4D322AF5AEA00DF3B05 /* AppDelegate.swift */; };
		F368C4D622AF5AEA00DF3B05 /* ViewController.swift in Sources */ = {isa = PBXBuildFile; fileRef = F368C4D522AF5AEA00DF3B05 /* ViewController.swift */; };
		F368C4D922AF5AEA00DF3B05 /* Main.storyboard in Resources */ = {isa = PBXBuildFile; fileRef = F368C4D722AF5AEA00DF3B05 /* Main.storyboard */; };
		F368C4DB22AF5AEB00DF3B05 /* Assets.xcassets in Resources */ = {isa = PBXBuildFile; fileRef = F368C4DA22AF5AEB00DF3B05 /* Assets.xcassets */; };
		F368C4DE22AF5AEB00DF3B05 /* LaunchScreen.storyboard in Resources */ = {isa = PBXBuildFile; fileRef = F368C4DC22AF5AEB00DF3B05 /* LaunchScreen.storyboard */; };
		F368C4E622AF5B3C00DF3B05 /* GameState.swift in Sources */ = {isa = PBXBuildFile; fileRef = F368C4E522AF5B3C00DF3B05 /* GameState.swift */; };
		F368C4E822AF5B4D00DF3B05 /* Sign.swift in Sources */ = {isa = PBXBuildFile; fileRef = F368C4E722AF5B4D00DF3B05 /* Sign.swift */; };
/* End PBXBuildFile section */

/* Begin PBXFileReference section */
		F368C4D022AF5AEA00DF3B05 /* RPS2.app */ = {isa = PBXFileReference; explicitFileType = wrapper.application; includeInIndex = 0; path = RPS2.app; sourceTree = BUILT_PRODUCTS_DIR; };
		F368C4D322AF5AEA00DF3B05 /* AppDelegate.swift */ = {isa = PBXFileReference; lastKnownFileType = sourcecode.swift; path = AppDelegate.swift; sourceTree = "<group>"; };
		F368C4D522AF5AEA00DF3B05 /* ViewController.swift */ = {isa = PBXFileReference; lastKnownFileType = sourcecode.swift; path = ViewController.swift; sourceTree = "<group>"; };
		F368C4D822AF5AEA00DF3B05 /* Base */ = {isa = PBXFileReference; lastKnownFileType = file.storyboard; name = Base; path = Base.lproj/Main.storyboard; sourceTree = "<group>"; };
		F368C4DA22AF5AEB00DF3B05 /* Assets.xcassets */ = {isa = PBXFileReference; lastKnownFileType = folder.assetcatalog; path = Assets.xcassets; sourceTree = "<group>"; };
		F368C4DD22AF5AEB00DF3B05 /* Base */ = {isa = PBXFileReference; lastKnownFileType = file.storyboard; name = Base; path = Base.lproj/LaunchScreen.storyboard; sourceTree = "<group>"; };
		F368C4DF22AF5AEB00DF3B05 /* Info.plist */ = {isa = PBXFileReference; lastKnownFileType = text.plist.xml; path = Info.plist; sourceTree = "<group>"; };
		F368C4E522AF5B3C00DF3B05 /* GameState.swift */ = {isa = PBXFileReference; lastKnownFileType = sourcecode.swift; path = GameState.swift; sourceTree = "<group>"; };
		F368C4E722AF5B4D00DF3B05 /* Sign.swift */ = {isa = PBXFileReference; lastKnownFileType = sourcecode.swift; path = Sign.swift; sourceTree = "<group>"; };
/* End PBXFileReference section */

/* Begin PBXFrameworksBuildPhase section */
		F368C4CD22AF5AEA00DF3B05 /* Frameworks */ = {
			isa = PBXFrameworksBuildPhase;
			buildActionMask = 2147483647;
			files = (
			);
			runOnlyForDeploymentPostprocessing = 0;
		};
/* End PBXFrameworksBuildPhase section */

/* Begin PBXGroup section */
		F368C4C722AF5AEA00DF3B05 = {
			isa = PBXGroup;
			children = (
				F368C4D222AF5AEA00DF3B05 /* RPS2 */,
				F368C4D122AF5AEA00DF3B05 /* Products */,
			);
			sourceTree = "<group>";
		};
		F368C4D122AF5AEA00DF3B05 /* Products */ = {
			isa = PBXGroup;
			children = (
				F368C4D022AF5AEA00DF3B05 /* RPS2.app */,
			);
			name = Products;
			sourceTree = "<group>";
		};
		F368C4D222AF5AEA00DF3B05 /* RPS2 */ = {
			isa = PBXGroup;
			children = (
				F368C4D322AF5AEA00DF3B05 /* AppDelegate.swift */,
				F368C4D522AF5AEA00DF3B05 /* ViewController.swift */,
				F368C4D722AF5AEA00DF3B05 /* Main.storyboard */,
				F368C4DA22AF5AEB00DF3B05 /* Assets.xcassets */,
				F368C4DC22AF5AEB00DF3B05 /* LaunchScreen.storyboard */,
				F368C4DF22AF5AEB00DF3B05 /* Info.plist */,
				F368C4E522AF5B3C00DF3B05 /* GameState.swift */,
				F368C4E722AF5B4D00DF3B05 /* Sign.swift */,
			);
			path = RPS2;
			sourceTree = "<group>";
		};
/* End PBXGroup section */

/* Begin PBXNativeTarget section */
		F368C4CF22AF5AEA00DF3B05 /* RPS2 */ = {
			isa = PBXNativeTarget;
			buildConfigurationList = F368C4E222AF5AEB00DF3B05 /* Build configuration list for PBXNativeTarget "RPS2" */;
			buildPhases = (
				F368C4CC22AF5AEA00DF3B05 /* Sources */,
				F368C4CD22AF5AEA00DF3B05 /* Frameworks */,
				F368C4CE22AF5AEA00DF3B05 /* Resources */,
			);
			buildRules = (
			);
			dependencies = (
			);
			name = RPS2;
			productName = RPS2;
			productReference = F368C4D022AF5AEA00DF3B05 /* RPS2.app */;
			productType = "com.apple.product-type.application";
		};
/* End PBXNativeTarget section */

/* Begin PBXProject section */
		F368C4C822AF5AEA00DF3B05 /* Project object */ = {
			isa = PBXProject;
			attributes = {
				LastSwiftUpdateCheck = 1020;
				LastUpgradeCheck = 1020;
				ORGANIZATIONNAME = "Григорий Пигаев";
				TargetAttributes = {
					F368C4CF22AF5AEA00DF3B05 = {
						CreatedOnToolsVersion = 10.2.1;
					};
				};
			};
			buildConfigurationList = F368C4CB22AF5AEA00DF3B05 /* Build configuration list for PBXProject "RPS2" */;
			compatibilityVersion = "Xcode 9.3";
			developmentRegion = en;
			hasScannedForEncodings = 0;
			knownRegions = (
				en,
				Base,
			);
			mainGroup = F368C4C722AF5AEA00DF3B05;
			productRefGroup = F368C4D122AF5AEA00DF3B05 /* Products */;
			projectDirPath = "";
			projectRoot = "";
			targets = (
				F368C4CF22AF5AEA00DF3B05 /* RPS2 */,
			);
		};
/* End PBXProject section */

/* Begin PBXResourcesBuildPhase section */
		F368C4CE22AF5AEA00DF3B05 /* Resources */ = {
			isa = PBXResourcesBuildPhase;
			buildActionMask = 2147483647;
			files = (
				F368C4DE22AF5AEB00DF3B05 /* LaunchScreen.storyboard in Resources */,
				F368C4DB22AF5AEB00DF3B05 /* Assets.xcassets in Resources */,
				F368C4D922AF5AEA00DF3B05 /* Main.storyboard in Resources */,
			);
			runOnlyForDeploymentPostprocessing = 0;
		};
/* End PBXResourcesBuildPhase section */

/* Begin PBXSourcesBuildPhase section */
		F368C4CC22AF5AEA00DF3B05 /* Sources */ = {
			isa = PBXSourcesBuildPhase;
			buildActionMask = 2147483647;
			files = (
				F368C4E622AF5B3C00DF3B05 /* GameState.swift in Sources */,
				F368C4D622AF5AEA00DF3B05 /* ViewController.swift in Sources */,
				F368C4E822AF5B4D00DF3B05 /* Sign.swift in Sources */,
				F368C4D422AF5AEA00DF3B05 /* AppDelegate.swift in Sources */,
			);
			runOnlyForDeploymentPostprocessing = 0;
		};
/* End PBXSourcesBuildPhase section */

/* Begin PBXVariantGroup section */
		F368C4D722AF5AEA00DF3B05 /* Main.storyboard */ = {
			isa = PBXVariantGroup;
			children = (
				F368C4D822AF5AEA00DF3B05 /* Base */,
			);
			name = Main.storyboard;
			sourceTree = "<group>";
		};
		F368C4DC22AF5AEB00DF3B05 /* LaunchScreen.storyboard */ = {
			isa = PBXVariantGroup;
			children = (
				F368C4DD22AF5AEB00DF3B05 /* Base */,
			);
			name = LaunchScreen.storyboard;
			sourceTree = "<group>";
		};
/* End PBXVariantGroup section */

/* Begin XCBuildConfiguration section */
		F368C4E022AF5AEB00DF3B05 /* Debug */ = {
			isa = XCBuildConfiguration;
			buildSettings = {
				ALWAYS_SEARCH_USER_PATHS = NO;
				CLANG_ANALYZER_NONNULL = YES;
				CLANG_ANALYZER_NUMBER_OBJECT_CONVERSION = YES_AGGRESSIVE;
				CLANG_CXX_LANGUAGE_STANDARD = "gnu++14";
				CLANG_CXX_LIBRARY = "libc++";
				CLANG_ENABLE_MODULES = YES;
				CLANG_ENABLE_OBJC_ARC = YES;
				CLANG_ENABLE_OBJC_WEAK = YES;
				CLANG_WARN_BLOCK_CAPTURE_AUTORELEASING = YES;
				CLANG_WARN_BOOL_CONVERSION = YES;
				CLANG_WARN_COMMA = YES;
				CLANG_WARN_CONSTANT_CONVERSION = YES;
				CLANG_WARN_DEPRECATED_OBJC_IMPLEMENTATIONS = YES;
				CLANG_WARN_DIRECT_OBJC_ISA_USAGE = YES_ERROR;
				CLANG_WARN_DOCUMENTATION_COMMENTS = YES;
				CLANG_WARN_EMPTY_BODY = YES;
				CLANG_WARN_ENUM_CONVERSION = YES;
				CLANG_WARN_INFINITE_RECURSION = YES;
				CLANG_WARN_INT_CONVERSION = YES;
				CLANG_WARN_NON_LITERAL_NULL_CONVERSION = YES;
				CLANG_WARN_OBJC_IMPLICIT_RETAIN_SELF = YES;
				CLANG_WARN_OBJC_LITERAL_CONVERSION = YES;
				CLANG_WARN_OBJC_ROOT_CLASS = YES_ERROR;
				CLANG_WARN_RANGE_LOOP_ANALYSIS = YES;
				CLANG_WARN_STRICT_PROTOTYPES = YES;
				CLANG_WARN_SUSPICIOUS_MOVE = YES;
				CLANG_WARN_UNGUARDED_AVAILABILITY = YES_AGGRESSIVE;
				CLANG_WARN_UNREACHABLE_CODE = YES;
				CLANG_WARN__DUPLICATE_METHOD_MATCH = YES;
				CODE_SIGN_IDENTITY = "iPhone Developer";
				COPY_PHASE_STRIP = NO;
				DEBUG_INFORMATION_FORMAT = dwarf;
				ENABLE_STRICT_OBJC_MSGSEND = YES;
				ENABLE_TESTABILITY = YES;
				GCC_C_LANGUAGE_STANDARD = gnu11;
				GCC_DYNAMIC_NO_PIC = NO;
				GCC_NO_COMMON_BLOCKS = YES;
				GCC_OPTIMIZATION_LEVEL = 0;
				GCC_PREPROCESSOR_DEFINITIONS = (
					"DEBUG=1",
					"$(inherited)",
				);
				GCC_WARN_64_TO_32_BIT_CONVERSION = YES;
				GCC_WARN_ABOUT_RETURN_TYPE = YES_ERROR;
				GCC_WARN_UNDECLARED_SELECTOR = YES;
				GCC_WARN_UNINITIALIZED_AUTOS = YES_AGGRESSIVE;
				GCC_WARN_UNUSED_FUNCTION = YES;
				GCC_WARN_UNUSED_VARIABLE = YES;
				IPHONEOS_DEPLOYMENT_TARGET = 12.2;
				MTL_ENABLE_DEBUG_INFO = INCLUDE_SOURCE;
				MTL_FAST_MATH = YES;
				ONLY_ACTIVE_ARCH = YES;
				SDKROOT = iphoneos;
				SWIFT_ACTIVE_COMPILATION_CONDITIONS = DEBUG;
				SWIFT_OPTIMIZATION_LEVEL = "-Onone";
			};
			name = Debug;
		};
		F368C4E122AF5AEB00DF3B05 /* Release */ = {
			isa = XCBuildConfiguration;
			buildSettings = {
				ALWAYS_SEARCH_USER_PATHS = NO;
				CLANG_ANALYZER_NONNULL = YES;
				CLANG_ANALYZER_NUMBER_OBJECT_CONVERSION = YES_AGGRESSIVE;
				CLANG_CXX_LANGUAGE_STANDARD = "gnu++14";
				CLANG_CXX_LIBRARY = "libc++";
				CLANG_ENABLE_MODULES = YES;
				CLANG_ENABLE_OBJC_ARC = YES;
				CLANG_ENABLE_OBJC_WEAK = YES;
				CLANG_WARN_BLOCK_CAPTURE_AUTORELEASING = YES;
				CLANG_WARN_BOOL_CONVERSION = YES;
				CLANG_WARN_COMMA = YES;
				CLANG_WARN_CONSTANT_CONVERSION = YES;
				CLANG_WARN_DEPRECATED_OBJC_IMPLEMENTATIONS = YES;
				CLANG_WARN_DIRECT_OBJC_ISA_USAGE = YES_ERROR;
				CLANG_WARN_DOCUMENTATION_COMMENTS = YES;
				CLANG_WARN_EMPTY_BODY = YES;
				CLANG_WARN_ENUM_CONVERSION = YES;
				CLANG_WARN_INFINITE_RECURSION = YES;
				CLANG_WARN_INT_CONVERSION = YES;
				CLANG_WARN_NON_LITERAL_NULL_CONVERSION = YES;
				CLANG_WARN_OBJC_IMPLICIT_RETAIN_SELF = YES;
				CLANG_WARN_OBJC_LITERAL_CONVERSION = YES;
				CLANG_WARN_OBJC_ROOT_CLASS = YES_ERROR;
				CLANG_WARN_RANGE_LOOP_ANALYSIS = YES;
				CLANG_WARN_STRICT_PROTOTYPES = YES;
				CLANG_WARN_SUSPICIOUS_MOVE = YES;
				CLANG_WARN_UNGUARDED_AVAILABILITY = YES_AGGRESSIVE;
				CLANG_WARN_UNREACHABLE_CODE = YES;
				CLANG_WARN__DUPLICATE_METHOD_MATCH = YES;
				CODE_SIGN_IDENTITY = "iPhone Developer";
				COPY_PHASE_STRIP = NO;
				DEBUG_INFORMATION_FORMAT = "dwarf-with-dsym";
				ENABLE_NS_ASSERTIONS = NO;
				ENABLE_STRICT_OBJC_MSGSEND = YES;
				GCC_C_LANGUAGE_STANDARD = gnu11;
				GCC_NO_COMMON_BLOCKS = YES;
				GCC_WARN_64_TO_32_BIT_CONVERSION = YES;
				GCC_WARN_ABOUT_RETURN_TYPE = YES_ERROR;
				GCC_WARN_UNDECLARED_SELECTOR = YES;
				GCC_WARN_UNINITIALIZED_AUTOS = YES_AGGRESSIVE;
				GCC_WARN_UNUSED_FUNCTION = YES;
				GCC_WARN_UNUSED_VARIABLE = YES;
				IPHONEOS_DEPLOYMENT_TARGET = 12.2;
				MTL_ENABLE_DEBUG_INFO = NO;
				MTL_FAST_MATH = YES;
				SDKROOT = iphoneos;
				SWIFT_COMPILATION_MODE = wholemodule;
				SWIFT_OPTIMIZATION_LEVEL = "-O";
				VALIDATE_PRODUCT = YES;
			};
			name = Release;
		};
		F368C4E322AF5AEB00DF3B05 /* Debug */ = {
			isa = XCBuildConfiguration;
			buildSettings = {
				ASSETCATALOG_COMPILER_APPICON_NAME = AppIcon;
				CODE_SIGN_STYLE = Automatic;
				INFOPLIST_FILE = RPS2/Info.plist;
				LD_RUNPATH_SEARCH_PATHS = (
					"$(inherited)",
					"@executable_path/Frameworks",
				);
				PRODUCT_BUNDLE_IDENTIFIER = GrigoryPigaev.RPS2;
				PRODUCT_NAME = "$(TARGET_NAME)";
				SWIFT_VERSION = 5.0;
				TARGETED_DEVICE_FAMILY = "1,2";
			};
			name = Debug;
		};
		F368C4E422AF5AEB00DF3B05 /* Release */ = {
			isa = XCBuildConfiguration;
			buildSettings = {
				ASSETCATALOG_COMPILER_APPICON_NAME = AppIcon;
				CODE_SIGN_STYLE = Automatic;
				INFOPLIST_FILE = RPS2/Info.plist;
				LD_RUNPATH_SEARCH_PATHS = (
					"$(inherited)",
					"@executable_path/Frameworks",
				);
				PRODUCT_BUNDLE_IDENTIFIER = GrigoryPigaev.RPS2;
				PRODUCT_NAME = "$(TARGET_NAME)";
				SWIFT_VERSION = 5.0;
				TARGETED_DEVICE_FAMILY = "1,2";
			};
			name = Release;
		};
/* End XCBuildConfiguration section */

/* Begin XCConfigurationList section */
		F368C4CB22AF5AEA00DF3B05 /* Build configuration list for PBXProject "RPS2" */ = {
			isa = XCConfigurationList;
			buildConfigurations = (
				F368C4E022AF5AEB00DF3B05 /* Debug */,
				F368C4E122AF5AEB00DF3B05 /* Release */,
			);
			defaultConfigurationIsVisible = 0;
			defaultConfigurationName = Release;
		};
		F368C4E222AF5AEB00DF3B05 /* Build configuration list for PBXNativeTarget "RPS2" */ = {
			isa = XCConfigurationList;
			buildConfigurations = (
				F368C4E322AF5AEB00DF3B05 /* Debug */,
				F368C4E422AF5AEB00DF3B05 /* Release */,
			);
			defaultConfigurationIsVisible = 0;
			defaultConfigurationName = Release;
		};
/* End XCConfigurationList section */
	};
	rootObject = F368C4C822AF5AEA00DF3B05 /* Project object */;
}
